{
    "_readme": [
        "This file locks the dependencies of your project to a known state",
        "Read more about it at https://getcomposer.org/doc/01-basic-usage.md#installing-dependencies",
        "This file is @generated automatically"
    ],
    "content-hash": "46f3f06cd4de1606ea268be7fcfaa317",
    "packages": [
        {
            "name": "psr/simple-cache",
            "version": "3.0.0",
            "source": {
                "type": "git",
                "url": "https://github.com/php-fig/simple-cache.git",
                "reference": "764e0b3939f5ca87cb904f570ef9be2d78a07865"
            },
            "dist": {
                "type": "zip",
                "url": "https://repo.huaweicloud.com/repository/php/psr/simple-cache/3.0.0/psr-simple-cache-3.0.0.zip",
                "reference": "764e0b3939f5ca87cb904f570ef9be2d78a07865",
                "shasum": ""
            },
            "require": {
                "php": ">=8.0.0"
            },
            "type": "library",
            "extra": {
                "branch-alias": {
                    "dev-master": "3.0.x-dev"
                }
            },
            "autoload": {
                "psr-4": {
                    "Psr\\SimpleCache\\": "src/"
                }
            },
            "license": [
                "MIT"
            ],
            "authors": [
                {
                    "name": "PHP-FIG",
                    "homepage": "https://www.php-fig.org/"
                }
            ],
            "description": "Common interfaces for simple caching",
            "keywords": [
                "cache",
                "caching",
                "psr",
                "psr-16",
                "simple-cache"
            ],
            "time": "2021-10-29T13:26:27+00:00"
        },
        {
            "name": "topthink/think-template",
            "version": "v3.0.0",
            "source": {
                "type": "git",
                "url": "https://github.com/top-think/think-template.git",
                "reference": "4352d2cf627abfb8b49f830686c25c02f59c23f2"
            },
            "dist": {
                "type": "zip",
                "url": "https://repo.huaweicloud.com/repository/php/topthink/think-template/v3.0.0/topthink-think-template-v3.0.0.zip",
                "reference": "4352d2cf627abfb8b49f830686c25c02f59c23f2",
                "shasum": ""
            },
            "require": {
                "php": ">=8.0.0",
                "psr/simple-cache": ">=1.0"
            },
            "type": "library",
            "autoload": {
                "psr-4": {
                    "think\\": "src"
                }
            },
            "license": [
                "Apache-2.0"
            ],
            "authors": [
                {
                    "name": "liu21st",
                    "email": "liu21st@gmail.com"
                }
            ],
            "description": "the php template engine",
            "time": "2023-02-25T12:11:14+00:00"
        },
        {
            "name": "topthink/think-view",
            "version": "v2.0.0",
            "source": {
                "type": "git",
                "url": "https://github.com/top-think/think-view.git",
                "reference": "d2a076011c96d2edd8016703a827fb54b2683c62"
            },
            "dist": {
                "type": "zip",
                "url": "https://repo.huaweicloud.com/repository/php/topthink/think-view/v2.0.0/topthink-think-view-v2.0.0.zip",
                "reference": "d2a076011c96d2edd8016703a827fb54b2683c62",
                "shasum": ""
            },
            "require": {
                "php": ">=8.0.0",
                "topthink/think-template": "^3.0"
            },
            "type": "library",
            "autoload": {
                "psr-4": {
                    "think\\view\\driver\\": "src"
                }
            },
            "license": [
                "Apache-2.0"
            ],
            "authors": [
                {
                    "name": "liu21st",
                    "email": "liu21st@gmail.com"
                }
            ],
            "description": "thinkphp template driver",
            "time": "2023-02-25T12:18:09+00:00"
        }
    ],
    "packages-dev": [],
    "aliases": [],
    "minimum-stability": "stable",
    "stability-flags": [],
    "prefer-stable": false,
    "prefer-lowest": false,
    "platform": [],
    "platform-dev": [],
    "plugin-api-version": "2.2.0"
}
